// !$*UTF8*$!
{
	archiveVersion = 1;
	classes = {
	};
	objectVersion = 56;
	objects = {

/* Begin PBXBuildFile section */
		22E819AF298FFC21005DE633 /* NukeUI in Frameworks */ = {isa = PBXBuildFile; productRef = 22E819AE298FFC21005DE633 /* NukeUI */; };
		22F6ECFF2969A146002D0A16 /* PageViewSampleApp.swift in Sources */ = {isa = PBXBuildFile; fileRef = 22F6ECFE2969A146002D0A16 /* PageViewSampleApp.swift */; };
		22F6ED012969A146002D0A16 /* ContentView.swift in Sources */ = {isa = PBXBuildFile; fileRef = 22F6ED002969A146002D0A16 /* ContentView.swift */; };
		22F6ED032969A146002D0A16 /* Assets.xcassets in Resources */ = {isa = PBXBuildFile; fileRef = 22F6ED022969A146002D0A16 /* Assets.xcassets */; };
		22F6ED072969A146002D0A16 /* Preview Assets.xcassets in Resources */ = {isa = PBXBuildFile; fileRef = 22F6ED062969A146002D0A16 /* Preview Assets.xcassets */; };
		22F6ED132969A2CA002D0A16 /* PageView in Frameworks */ = {isa = PBXBuildFile; productRef = 22F6ED122969A2CA002D0A16 /* PageView */; };
/* End PBXBuildFile section */

/* Begin PBXFileReference section */
		221D91022969AAF600CB7A44 /* PageView.SwiftUI */ = {isa = PBXFileReference; lastKnownFileType = wrapper; name = PageView.SwiftUI; path = ..; sourceTree = "<group>"; };
		22F6ECFB2969A146002D0A16 /* PageViewSample.app */ = {isa = PBXFileReference; explicitFileType = wrapper.application; includeInIndex = 0; path = PageViewSample.app; sourceTree = BUILT_PRODUCTS_DIR; };
		22F6ECFE2969A146002D0A16 /* PageViewSampleApp.swift */ = {isa = PBXFileReference; lastKnownFileType = sourcecode.swift; path = PageViewSampleApp.swift; sourceTree = "<group>"; };
		22F6ED002969A146002D0A16 /* ContentView.swift */ = {isa = PBXFileReference; lastKnownFileType = sourcecode.swift; path = ContentView.swift; sourceTree = "<group>"; };
		22F6ED022969A146002D0A16 /* Assets.xcassets */ = {isa = PBXFileReference; lastKnownFileType = folder.assetcatalog; path = Assets.xcassets; sourceTree = "<group>"; };
		22F6ED042969A146002D0A16 /* PageViewSample.entitlements */ = {isa = PBXFileReference; lastKnownFileType = text.plist.entitlements; path = PageViewSample.entitlements; sourceTree = "<group>"; };
		22F6ED062969A146002D0A16 /* Preview Assets.xcassets */ = {isa = PBXFileReference; lastKnownFileType = folder.assetcatalog; path = "Preview Assets.xcassets"; sourceTree = "<group>"; };
/* End PBXFileReference section */

/* Begin PBXFrameworksBuildPhase section */
		22F6ECF82969A146002D0A16 /* Frameworks */ = {
			isa = PBXFrameworksBuildPhase;
			buildActionMask = 2147483647;
			files = (
				22F6ED132969A2CA002D0A16 /* PageView in Frameworks */,
				22E819AF298FFC21005DE633 /* NukeUI in Frameworks */,
			);
			runOnlyForDeploymentPostprocessing = 0;
		};
/* End PBXFrameworksBuildPhase section */

/* Begin PBXGroup section */
		22F6ECF22969A145002D0A16 = {
			isa = PBXGroup;
			children = (
				221D91022969AAF600CB7A44 /* PageView.SwiftUI */,
				22F6ECFD2969A146002D0A16 /* PageViewSample */,
				22F6ECFC2969A146002D0A16 /* Products */,
				22F6ED0E2969A193002D0A16 /* Frameworks */,
			);
			sourceTree = "<group>";
		};
		22F6ECFC2969A146002D0A16 /* Products */ = {
			isa = PBXGroup;
			children = (
				22F6ECFB2969A146002D0A16 /* PageViewSample.app */,
			);
			name = Products;
			sourceTree = "<group>";
		};
		22F6ECFD2969A146002D0A16 /* PageViewSample */ = {
			isa = PBXGroup;
			children = (
				22F6ECFE2969A146002D0A16 /* PageViewSampleApp.swift */,
				22F6ED002969A146002D0A16 /* ContentView.swift */,
				22F6ED022969A146002D0A16 /* Assets.xcassets */,
				22F6ED042969A146002D0A16 /* PageViewSample.entitlements */,
				22F6ED052969A146002D0A16 /* Preview Content */,
			);
			path = PageViewSample;
			sourceTree = "<group>";
		};
		22F6ED052969A146002D0A16 /* Preview Content */ = {
			isa = PBXGroup;
			children = (
				22F6ED062969A146002D0A16 /* Preview Assets.xcassets */,
			);
			path = "Preview Content";
			sourceTree = "<group>";
		};
		22F6ED0E2969A193002D0A16 /* Frameworks */ = {
			isa = PBXGroup;
			children = (
			);
			name = Frameworks;
			sourceTree = "<group>";
		};
/* End PBXGroup section */

/* Begin PBXNativeTarget section */
		22F6ECFA2969A146002D0A16 /* PageViewSample */ = {
			isa = PBXNativeTarget;
			buildConfigurationList = 22F6ED0A2969A146002D0A16 /* Build configuration list for PBXNativeTarget "PageViewSample" */;
			buildPhases = (
				22F6ECF72969A146002D0A16 /* Sources */,
				22F6ECF82969A146002D0A16 /* Frameworks */,
				22F6ECF92969A146002D0A16 /* Resources */,
			);
			buildRules = (
			);
			dependencies = (
			);
			name = PageViewSample;
			packageProductDependencies = (
				22F6ED122969A2CA002D0A16 /* PageView */,
				22E819AE298FFC21005DE633 /* NukeUI */,
			);
			productName = PageViewSample;
			productReference = 22F6ECFB2969A146002D0A16 /* PageViewSample.app */;
			productType = "com.apple.product-type.application";
		};
/* End PBXNativeTarget section */

/* Begin PBXProject section */
		22F6ECF32969A145002D0A16 /* Project object */ = {
			isa = PBXProject;
			attributes = {
				BuildIndependentTargetsInParallel = 1;
				LastSwiftUpdateCheck = 1420;
				LastUpgradeCheck = 1420;
				TargetAttributes = {
					22F6ECFA2969A146002D0A16 = {
						CreatedOnToolsVersion = 14.2;
					};
				};
			};
			buildConfigurationList = 22F6ECF62969A145002D0A16 /* Build configuration list for PBXProject "PageViewSample" */;
			compatibilityVersion = "Xcode 14.0";
			developmentRegion = en;
			hasScannedForEncodings = 0;
			knownRegions = (
				en,
				Base,
			);
			mainGroup = 22F6ECF22969A145002D0A16;
			packageReferences = (
				22F6ED112969A2CA002D0A16 /* XCRemoteSwiftPackageReference "PageView" */,
				22E819AD298FFC21005DE633 /* XCRemoteSwiftPackageReference "NukeUI" */,
			);
			productRefGroup = 22F6ECFC2969A146002D0A16 /* Products */;
			projectDirPath = "";
			projectRoot = "";
			targets = (
				22F6ECFA2969A146002D0A16 /* PageViewSample */,
			);
		};
/* End PBXProject section */

/* Begin PBXResourcesBuildPhase section */
		22F6ECF92969A146002D0A16 /* Resources */ = {
			isa = PBXResourcesBuildPhase;
			buildActionMask = 2147483647;
			files = (
				22F6ED072969A146002D0A16 /* Preview Assets.xcassets in Resources */,
				22F6ED032969A146002D0A16 /* Assets.xcassets in Resources */,
			);
			runOnlyForDeploymentPostprocessing = 0;
		};
/* End PBXResourcesBuildPhase section */

/* Begin PBXSourcesBuildPhase section */
		22F6ECF72969A146002D0A16 /* Sources */ = {
			isa = PBXSourcesBuildPhase;
			buildActionMask = 2147483647;
			files = (
				22F6ED012969A146002D0A16 /* ContentView.swift in Sources */,
				22F6ECFF2969A146002D0A16 /* PageViewSampleApp.swift in Sources */,
			);
			runOnlyForDeploymentPostprocessing = 0;
		};
/* End PBXSourcesBuildPhase section */

/* Begin XCBuildConfiguration section */
		22F6ED082969A146002D0A16 /* Debug */ = {
			isa = XCBuildConfiguration;
			buildSettings = {
				ALWAYS_SEARCH_USER_PATHS = NO;
				CLANG_ANALYZER_NONNULL = YES;
				CLANG_ANALYZER_NUMBER_OBJECT_CONVERSION = YES_AGGRESSIVE;
				CLANG_CXX_LANGUAGE_STANDARD = "gnu++20";
				CLANG_ENABLE_MODULES = YES;
				CLANG_ENABLE_OBJC_ARC = YES;
				CLANG_ENABLE_OBJC_WEAK = YES;
				CLANG_WARN_BLOCK_CAPTURE_AUTORELEASING = YES;
				CLANG_WARN_BOOL_CONVERSION = YES;
				CLANG_WARN_COMMA = YES;
				CLANG_WARN_CONSTANT_CONVERSION = YES;
				CLANG_WARN_DEPRECATED_OBJC_IMPLEMENTATIONS = YES;
				CLANG_WARN_DIRECT_OBJC_ISA_USAGE = YES_ERROR;
				CLANG_WARN_DOCUMENTATION_COMMENTS = YES;
				CLANG_WARN_EMPTY_BODY = YES;
				CLANG_WARN_ENUM_CONVERSION = YES;
				CLANG_WARN_INFINITE_RECURSION = YES;
				CLANG_WARN_INT_CONVERSION = YES;
				CLANG_WARN_NON_LITERAL_NULL_CONVERSION = YES;
				CLANG_WARN_OBJC_IMPLICIT_RETAIN_SELF = YES;
				CLANG_WARN_OBJC_LITERAL_CONVERSION = YES;
				CLANG_WARN_OBJC_ROOT_CLASS = YES_ERROR;
				CLANG_WARN_QUOTED_INCLUDE_IN_FRAMEWORK_HEADER = YES;
				CLANG_WARN_RANGE_LOOP_ANALYSIS = YES;
				CLANG_WARN_STRICT_PROTOTYPES = YES;
				CLANG_WARN_SUSPICIOUS_MOVE = YES;
				CLANG_WARN_UNGUARDED_AVAILABILITY = YES_AGGRESSIVE;
				CLANG_WARN_UNREACHABLE_CODE = YES;
				CLANG_WARN__DUPLICATE_METHOD_MATCH = YES;
				COPY_PHASE_STRIP = NO;
				DEBUG_INFORMATION_FORMAT = dwarf;
				ENABLE_STRICT_OBJC_MSGSEND = YES;
				ENABLE_TESTABILITY = YES;
				GCC_C_LANGUAGE_STANDARD = gnu11;
				GCC_DYNAMIC_NO_PIC = NO;
				GCC_NO_COMMON_BLOCKS = YES;
				GCC_OPTIMIZATION_LEVEL = 0;
				GCC_PREPROCESSOR_DEFINITIONS = (
					"DEBUG=1",
					"$(inherited)",
				);
				GCC_WARN_64_TO_32_BIT_CONVERSION = YES;
				GCC_WARN_ABOUT_RETURN_TYPE = YES_ERROR;
				GCC_WARN_UNDECLARED_SELECTOR = YES;
				GCC_WARN_UNINITIALIZED_AUTOS = YES_AGGRESSIVE;
				GCC_WARN_UNUSED_FUNCTION = YES;
				GCC_WARN_UNUSED_VARIABLE = YES;
				MTL_ENABLE_DEBUG_INFO = INCLUDE_SOURCE;
				MTL_FAST_MATH = YES;
				ONLY_ACTIVE_ARCH = YES;
				SWIFT_ACTIVE_COMPILATION_CONDITIONS = DEBUG;
				SWIFT_OPTIMIZATION_LEVEL = "-Onone";
			};
			name = Debug;
		};
		22F6ED092969A146002D0A16 /* Release */ = {
			isa = XCBuildConfiguration;
			buildSettings = {
				ALWAYS_SEARCH_USER_PATHS = NO;
				CLANG_ANALYZER_NONNULL = YES;
				CLANG_ANALYZER_NUMBER_OBJECT_CONVERSION = YES_AGGRESSIVE;
				CLANG_CXX_LANGUAGE_STANDARD = "gnu++20";
				CLANG_ENABLE_MODULES = YES;
				CLANG_ENABLE_OBJC_ARC = YES;
				CLANG_ENABLE_OBJC_WEAK = YES;
				CLANG_WARN_BLOCK_CAPTURE_AUTORELEASING = YES;
				CLANG_WARN_BOOL_CONVERSION = YES;
				CLANG_WARN_COMMA = YES;
				CLANG_WARN_CONSTANT_CONVERSION = YES;
				CLANG_WARN_DEPRECATED_OBJC_IMPLEMENTATIONS = YES;
				CLANG_WARN_DIRECT_OBJC_ISA_USAGE = YES_ERROR;
				CLANG_WARN_DOCUMENTATION_COMMENTS = YES;
				CLANG_WARN_EMPTY_BODY = YES;
				CLANG_WARN_ENUM_CONVERSION = YES;
				CLANG_WARN_INFINITE_RECURSION = YES;
				CLANG_WARN_INT_CONVERSION = YES;
				CLANG_WARN_NON_LITERAL_NULL_CONVERSION = YES;
				CLANG_WARN_OBJC_IMPLICIT_RETAIN_SELF = YES;
				CLANG_WARN_OBJC_LITERAL_CONVERSION = YES;
				CLANG_WARN_OBJC_ROOT_CLASS = YES_ERROR;
				CLANG_WARN_QUOTED_INCLUDE_IN_FRAMEWORK_HEADER = YES;
				CLANG_WARN_RANGE_LOOP_ANALYSIS = YES;
				CLANG_WARN_STRICT_PROTOTYPES = YES;
				CLANG_WARN_SUSPICIOUS_MOVE = YES;
				CLANG_WARN_UNGUARDED_AVAILABILITY = YES_AGGRESSIVE;
				CLANG_WARN_UNREACHABLE_CODE = YES;
				CLANG_WARN__DUPLICATE_METHOD_MATCH = YES;
				COPY_PHASE_STRIP = NO;
				DEBUG_INFORMATION_FORMAT = "dwarf-with-dsym";
				ENABLE_NS_ASSERTIONS = NO;
				ENABLE_STRICT_OBJC_MSGSEND = YES;
				GCC_C_LANGUAGE_STANDARD = gnu11;
				GCC_NO_COMMON_BLOCKS = YES;
				GCC_WARN_64_TO_32_BIT_CONVERSION = YES;
				GCC_WARN_ABOUT_RETURN_TYPE = YES_ERROR;
				GCC_WARN_UNDECLARED_SELECTOR = YES;
				GCC_WARN_UNINITIALIZED_AUTOS = YES_AGGRESSIVE;
				GCC_WARN_UNUSED_FUNCTION = YES;
				GCC_WARN_UNUSED_VARIABLE = YES;
				MTL_ENABLE_DEBUG_INFO = NO;
				MTL_FAST_MATH = YES;
				SWIFT_COMPILATION_MODE = wholemodule;
				SWIFT_OPTIMIZATION_LEVEL = "-O";
			};
			name = Release;
		};
		22F6ED0B2969A146002D0A16 /* Debug */ = {
			isa = XCBuildConfiguration;
			buildSettings = {
				ASSETCATALOG_COMPILER_APPICON_NAME = AppIcon;
				ASSETCATALOG_COMPILER_GLOBAL_ACCENT_COLOR_NAME = AccentColor;
				CODE_SIGN_ENTITLEMENTS = PageViewSample/PageViewSample.entitlements;
				CODE_SIGN_STYLE = Automatic;
				CURRENT_PROJECT_VERSION = 1;
				DEVELOPMENT_ASSET_PATHS = "\"PageViewSample/Preview Content\"";
				DEVELOPMENT_TEAM = 7GB9CHCB87;
				ENABLE_HARDENED_RUNTIME = YES;
				ENABLE_PREVIEWS = YES;
				GENERATE_INFOPLIST_FILE = YES;
				"INFOPLIST_KEY_UIApplicationSceneManifest_Generation[sdk=iphoneos*]" = YES;
				"INFOPLIST_KEY_UIApplicationSceneManifest_Generation[sdk=iphonesimulator*]" = YES;
				"INFOPLIST_KEY_UIApplicationSupportsIndirectInputEvents[sdk=iphoneos*]" = YES;
				"INFOPLIST_KEY_UIApplicationSupportsIndirectInputEvents[sdk=iphonesimulator*]" = YES;
				"INFOPLIST_KEY_UILaunchScreen_Generation[sdk=iphoneos*]" = YES;
				"INFOPLIST_KEY_UILaunchScreen_Generation[sdk=iphonesimulator*]" = YES;
				"INFOPLIST_KEY_UIStatusBarStyle[sdk=iphoneos*]" = UIStatusBarStyleDefault;
				"INFOPLIST_KEY_UIStatusBarStyle[sdk=iphonesimulator*]" = UIStatusBarStyleDefault;
				INFOPLIST_KEY_UISupportedInterfaceOrientations_iPad = "UIInterfaceOrientationPortrait UIInterfaceOrientationPortraitUpsideDown UIInterfaceOrientationLandscapeLeft UIInterfaceOrientationLandscapeRight";
				INFOPLIST_KEY_UISupportedInterfaceOrientations_iPhone = "UIInterfaceOrientationPortrait UIInterfaceOrientationLandscapeLeft UIInterfaceOrientationLandscapeRight";
				IPHONEOS_DEPLOYMENT_TARGET = 15.0;
				LD_RUNPATH_SEARCH_PATHS = "@executable_path/Frameworks";
				"LD_RUNPATH_SEARCH_PATHS[sdk=macosx*]" = "@executable_path/../Frameworks";
				MACOSX_DEPLOYMENT_TARGET = 12.0;
				MARKETING_VERSION = 1.0;
				PRODUCT_BUNDLE_IDENTIFIER = com.juniperphoton.PageViewSample;
				PRODUCT_NAME = "$(TARGET_NAME)";
				SDKROOT = auto;
				SUPPORTED_PLATFORMS = "iphoneos iphonesimulator macosx";
				SWIFT_EMIT_LOC_STRINGS = YES;
				SWIFT_VERSION = 5.0;
				TARGETED_DEVICE_FAMILY = "1,2";
			};
			name = Debug;
		};
		22F6ED0C2969A146002D0A16 /* Release */ = {
			isa = XCBuildConfiguration;
			buildSettings = {
				ASSETCATALOG_COMPILER_APPICON_NAME = AppIcon;
				ASSETCATALOG_COMPILER_GLOBAL_ACCENT_COLOR_NAME = AccentColor;
				CODE_SIGN_ENTITLEMENTS = PageViewSample/PageViewSample.entitlements;
				CODE_SIGN_STYLE = Automatic;
				CURRENT_PROJECT_VERSION = 1;
				DEVELOPMENT_ASSET_PATHS = "\"PageViewSample/Preview Content\"";
				DEVELOPMENT_TEAM = 7GB9CHCB87;
				ENABLE_HARDENED_RUNTIME = YES;
				ENABLE_PREVIEWS = YES;
				GENERATE_INFOPLIST_FILE = YES;
				"INFOPLIST_KEY_UIApplicationSceneManifest_Generation[sdk=iphoneos*]" = YES;
				"INFOPLIST_KEY_UIApplicationSceneManifest_Generation[sdk=iphonesimulator*]" = YES;
				"INFOPLIST_KEY_UIApplicationSupportsIndirectInputEvents[sdk=iphoneos*]" = YES;
				"INFOPLIST_KEY_UIApplicationSupportsIndirectInputEvents[sdk=iphonesimulator*]" = YES;
				"INFOPLIST_KEY_UILaunchScreen_Generation[sdk=iphoneos*]" = YES;
				"INFOPLIST_KEY_UILaunchScreen_Generation[sdk=iphonesimulator*]" = YES;
				"INFOPLIST_KEY_UIStatusBarStyle[sdk=iphoneos*]" = UIStatusBarStyleDefault;
				"INFOPLIST_KEY_UIStatusBarStyle[sdk=iphonesimulator*]" = UIStatusBarStyleDefault;
				INFOPLIST_KEY_UISupportedInterfaceOrientations_iPad = "UIInterfaceOrientationPortrait UIInterfaceOrientationPortraitUpsideDown UIInterfaceOrientationLandscapeLeft UIInterfaceOrientationLandscapeRight";
				INFOPLIST_KEY_UISupportedInterfaceOrientations_iPhone = "UIInterfaceOrientationPortrait UIInterfaceOrientationLandscapeLeft UIInterfaceOrientationLandscapeRight";
				IPHONEOS_DEPLOYMENT_TARGET = 15.0;
				LD_RUNPATH_SEARCH_PATHS = "@executable_path/Frameworks";
				"LD_RUNPATH_SEARCH_PATHS[sdk=macosx*]" = "@executable_path/../Frameworks";
				MACOSX_DEPLOYMENT_TARGET = 12.0;
				MARKETING_VERSION = 1.0;
				PRODUCT_BUNDLE_IDENTIFIER = com.juniperphoton.PageViewSample;
				PRODUCT_NAME = "$(TARGET_NAME)";
				SDKROOT = auto;
				SUPPORTED_PLATFORMS = "iphoneos iphonesimulator macosx";
				SWIFT_EMIT_LOC_STRINGS = YES;
				SWIFT_VERSION = 5.0;
				TARGETED_DEVICE_FAMILY = "1,2";
			};
			name = Release;
		};
/* End XCBuildConfiguration section */

/* Begin XCConfigurationList section */
		22F6ECF62969A145002D0A16 /* Build configuration list for PBXProject "PageViewSample" */ = {
			isa = XCConfigurationList;
			buildConfigurations = (
				22F6ED082969A146002D0A16 /* Debug */,
				22F6ED092969A146002D0A16 /* Release */,
			);
			defaultConfigurationIsVisible = 0;
			defaultConfigurationName = Release;
		};
		22F6ED0A2969A146002D0A16 /* Build configuration list for PBXNativeTarget "PageViewSample" */ = {
			isa = XCConfigurationList;
			buildConfigurations = (
				22F6ED0B2969A146002D0A16 /* Debug */,
				22F6ED0C2969A146002D0A16 /* Release */,
			);
			defaultConfigurationIsVisible = 0;
			defaultConfigurationName = Release;
		};
/* End XCConfigurationList section */

/* Begin XCRemoteSwiftPackageReference section */
		22E819AD298FFC21005DE633 /* XCRemoteSwiftPackageReference "NukeUI" */ = {
			isa = XCRemoteSwiftPackageReference;
			repositoryURL = "https://github.com/kean/NukeUI";
			requirement = {
				branch = main;
				kind = branch;
			};
		};
		22F6ED112969A2CA002D0A16 /* XCRemoteSwiftPackageReference "PageView" */ = {
			isa = XCRemoteSwiftPackageReference;
			repositoryURL = "https://github.com/JuniperPhoton/PageView.SwiftUI";
			requirement = {
				branch = main;
				kind = branch;
			};
		};
/* End XCRemoteSwiftPackageReference section */

/* Begin XCSwiftPackageProductDependency section */
		22E819AE298FFC21005DE633 /* NukeUI */ = {
			isa = XCSwiftPackageProductDependency;
			package = 22E819AD298FFC21005DE633 /* XCRemoteSwiftPackageReference "NukeUI" */;
			productName = NukeUI;
		};
		22F6ED122969A2CA002D0A16 /* PageView */ = {
			isa = XCSwiftPackageProductDependency;
			package = 22F6ED112969A2CA002D0A16 /* XCRemoteSwiftPackageReference "PageView" */;
			productName = PageView;
		};
/* End XCSwiftPackageProductDependency section */
	};
	rootObject = 22F6ECF32969A145002D0A16 /* Project object */;
}
