{
  "pins" : [
    {
      "identity" : "pageview.swiftui",
      "kind" : "remoteSourceControl",
      "location" : "https://github.com/JuniperPhoton/PageView.SwiftUI",
      "state" : {
        "branch" : "main",
        "revision" : "8f824244837c7e5e0483446aca050753693840f5"
      }
    }
  ],
  "version" : 2
}
